// !$*UTF8*$!
{
	archiveVersion = 1;
	classes = {
	};
	objectVersion = 60;
	objects = {

/* Begin PBXBuildFile section */
		8F095A122C8B7ECB0012151C /* SwiftArchiApp.swift in Sources */ = {isa = PBXBuildFile; fileRef = 8F095A112C8B7ECB0012151C /* SwiftArchiApp.swift */; };
		8F095A142C8B7ECB0012151C /* ContentView.swift in Sources */ = {isa = PBXBuildFile; fileRef = 8F095A132C8B7ECB0012151C /* ContentView.swift */; };
		8F095A162C8B7ECD0012151C /* Assets.xcassets in Resources */ = {isa = PBXBuildFile; fileRef = 8F095A152C8B7ECD0012151C /* Assets.xcassets */; };
		8F095A192C8B7ECD0012151C /* Preview Assets.xcassets in Resources */ = {isa = PBXBuildFile; fileRef = 8F095A182C8B7ECD0012151C /* Preview Assets.xcassets */; };
		8F095A252C8B85370012151C /* Data in Frameworks */ = {isa = PBXBuildFile; productRef = 8F095A242C8B85370012151C /* Data */; };
		8F095A2A2C8B85720012151C /* Data in Frameworks */ = {isa = PBXBuildFile; productRef = 8F095A292C8B85720012151C /* Data */; };
		8F095A352C8B874E0012151C /* UserViewModel.swift in Sources */ = {isa = PBXBuildFile; fileRef = 8F095A342C8B874E0012151C /* UserViewModel.swift */; };
		8F095A3C2C8B8AF90012151C /* AppDomain in Frameworks */ = {isa = PBXBuildFile; productRef = 8F095A3B2C8B8AF90012151C /* AppDomain */; };
		8FB620C12C8B926600F7F41A /* Factory in Frameworks */ = {isa = PBXBuildFile; productRef = 8FB620C02C8B926600F7F41A /* Factory */; };
		8FB620C32C8B929700F7F41A /* AppDependencies.swift in Sources */ = {isa = PBXBuildFile; fileRef = 8FB620C22C8B929700F7F41A /* AppDependencies.swift */; };
		8FB620CB2C8B940600F7F41A /* SwiftArchiTests.swift in Sources */ = {isa = PBXBuildFile; fileRef = 8FB620CA2C8B940600F7F41A /* SwiftArchiTests.swift */; };
		8FB620D22C8B941D00F7F41A /* MockUserRepository.swift in Sources */ = {isa = PBXBuildFile; fileRef = 8FB620D12C8B941D00F7F41A /* MockUserRepository.swift */; };
		8FB620D42C8B99F800F7F41A /* MockAppDependencies.swift in Sources */ = {isa = PBXBuildFile; fileRef = 8FB620D32C8B99F800F7F41A /* MockAppDependencies.swift */; };
/* End PBXBuildFile section */

/* Begin PBXContainerItemProxy section */
		8FB620CC2C8B940600F7F41A /* PBXContainerItemProxy */ = {
			isa = PBXContainerItemProxy;
			containerPortal = 8F095A062C8B7ECB0012151C /* Project object */;
			proxyType = 1;
			remoteGlobalIDString = 8F095A0D2C8B7ECB0012151C;
			remoteInfo = SwiftArchi;
		};
/* End PBXContainerItemProxy section */

/* Begin PBXFileReference section */
		8F095A0E2C8B7ECB0012151C /* SwiftArchi.app */ = {isa = PBXFileReference; explicitFileType = wrapper.application; includeInIndex = 0; path = SwiftArchi.app; sourceTree = BUILT_PRODUCTS_DIR; };
		8F095A112C8B7ECB0012151C /* SwiftArchiApp.swift */ = {isa = PBXFileReference; lastKnownFileType = sourcecode.swift; path = SwiftArchiApp.swift; sourceTree = "<group>"; };
		8F095A132C8B7ECB0012151C /* ContentView.swift */ = {isa = PBXFileReference; lastKnownFileType = sourcecode.swift; path = ContentView.swift; sourceTree = "<group>"; };
		8F095A152C8B7ECD0012151C /* Assets.xcassets */ = {isa = PBXFileReference; lastKnownFileType = folder.assetcatalog; path = Assets.xcassets; sourceTree = "<group>"; };
		8F095A182C8B7ECD0012151C /* Preview Assets.xcassets */ = {isa = PBXFileReference; lastKnownFileType = folder.assetcatalog; path = "Preview Assets.xcassets"; sourceTree = "<group>"; };
		8F095A212C8B81720012151C /* Data */ = {isa = PBXFileReference; lastKnownFileType = wrapper; path = Data; sourceTree = "<group>"; };
		8F095A342C8B874E0012151C /* UserViewModel.swift */ = {isa = PBXFileReference; lastKnownFileType = sourcecode.swift; path = UserViewModel.swift; sourceTree = "<group>"; };
		8F095A362C8B8A7B0012151C /* AppDomain */ = {isa = PBXFileReference; lastKnownFileType = wrapper; path = AppDomain; sourceTree = "<group>"; };
		8FB620C22C8B929700F7F41A /* AppDependencies.swift */ = {isa = PBXFileReference; lastKnownFileType = sourcecode.swift; path = AppDependencies.swift; sourceTree = "<group>"; };
		8FB620C82C8B940600F7F41A /* SwiftArchiTests.xctest */ = {isa = PBXFileReference; explicitFileType = wrapper.cfbundle; includeInIndex = 0; path = SwiftArchiTests.xctest; sourceTree = BUILT_PRODUCTS_DIR; };
		8FB620CA2C8B940600F7F41A /* SwiftArchiTests.swift */ = {isa = PBXFileReference; lastKnownFileType = sourcecode.swift; path = SwiftArchiTests.swift; sourceTree = "<group>"; };
		8FB620D12C8B941D00F7F41A /* MockUserRepository.swift */ = {isa = PBXFileReference; lastKnownFileType = sourcecode.swift; path = MockUserRepository.swift; sourceTree = "<group>"; };
		8FB620D32C8B99F800F7F41A /* MockAppDependencies.swift */ = {isa = PBXFileReference; lastKnownFileType = sourcecode.swift; path = MockAppDependencies.swift; sourceTree = "<group>"; };
/* End PBXFileReference section */

/* Begin PBXFrameworksBuildPhase section */
		8F095A0B2C8B7ECB0012151C /* Frameworks */ = {
			isa = PBXFrameworksBuildPhase;
			buildActionMask = 2147483647;
			files = (
				8F095A3C2C8B8AF90012151C /* AppDomain in Frameworks */,
				8F095A2A2C8B85720012151C /* Data in Frameworks */,
				8F095A252C8B85370012151C /* Data in Frameworks */,
				8FB620C12C8B926600F7F41A /* Factory in Frameworks */,
			);
			runOnlyForDeploymentPostprocessing = 0;
		};
		8FB620C52C8B940600F7F41A /* Frameworks */ = {
			isa = PBXFrameworksBuildPhase;
			buildActionMask = 2147483647;
			files = (
			);
			runOnlyForDeploymentPostprocessing = 0;
		};
/* End PBXFrameworksBuildPhase section */

/* Begin PBXGroup section */
		8F095A052C8B7ECB0012151C = {
			isa = PBXGroup;
			children = (
				8F095A362C8B8A7B0012151C /* AppDomain */,
				8F095A212C8B81720012151C /* Data */,
				8F095A102C8B7ECB0012151C /* SwiftArchi */,
				8FB620C92C8B940600F7F41A /* SwiftArchiTests */,
				8F095A0F2C8B7ECB0012151C /* Products */,
			);
			sourceTree = "<group>";
		};
		8F095A0F2C8B7ECB0012151C /* Products */ = {
			isa = PBXGroup;
			children = (
				8F095A0E2C8B7ECB0012151C /* SwiftArchi.app */,
				8FB620C82C8B940600F7F41A /* SwiftArchiTests.xctest */,
			);
			name = Products;
			sourceTree = "<group>";
		};
		8F095A102C8B7ECB0012151C /* SwiftArchi */ = {
			isa = PBXGroup;
			children = (
				8F095A342C8B874E0012151C /* UserViewModel.swift */,
				8F095A112C8B7ECB0012151C /* SwiftArchiApp.swift */,
				8F095A132C8B7ECB0012151C /* ContentView.swift */,
				8F095A152C8B7ECD0012151C /* Assets.xcassets */,
				8F095A172C8B7ECD0012151C /* Preview Content */,
				8FB620C22C8B929700F7F41A /* AppDependencies.swift */,
			);
			path = SwiftArchi;
			sourceTree = "<group>";
		};
		8F095A172C8B7ECD0012151C /* Preview Content */ = {
			isa = PBXGroup;
			children = (
				8F095A182C8B7ECD0012151C /* Preview Assets.xcassets */,
			);
			path = "Preview Content";
			sourceTree = "<group>";
		};
		8FB620C92C8B940600F7F41A /* SwiftArchiTests */ = {
			isa = PBXGroup;
			children = (
				8FB620CA2C8B940600F7F41A /* SwiftArchiTests.swift */,
				8FB620D12C8B941D00F7F41A /* MockUserRepository.swift */,
				8FB620D32C8B99F800F7F41A /* MockAppDependencies.swift */,
			);
			path = SwiftArchiTests;
			sourceTree = "<group>";
		};
/* End PBXGroup section */

/* Begin PBXNativeTarget section */
		8F095A0D2C8B7ECB0012151C /* SwiftArchi */ = {
			isa = PBXNativeTarget;
			buildConfigurationList = 8F095A1C2C8B7ECD0012151C /* Build configuration list for PBXNativeTarget "SwiftArchi" */;
			buildPhases = (
				8F095A0A2C8B7ECB0012151C /* Sources */,
				8F095A0B2C8B7ECB0012151C /* Frameworks */,
				8F095A0C2C8B7ECB0012151C /* Resources */,
			);
			buildRules = (
			);
			dependencies = (
			);
			name = SwiftArchi;
			packageProductDependencies = (
				8F095A242C8B85370012151C /* Data */,
				8F095A292C8B85720012151C /* Data */,
				8F095A3B2C8B8AF90012151C /* AppDomain */,
				8FB620C02C8B926600F7F41A /* Factory */,
			);
			productName = SwiftArchi;
			productReference = 8F095A0E2C8B7ECB0012151C /* SwiftArchi.app */;
			productType = "com.apple.product-type.application";
		};
		8FB620C72C8B940600F7F41A /* SwiftArchiTests */ = {
			isa = PBXNativeTarget;
			buildConfigurationList = 8FB620CE2C8B940600F7F41A /* Build configuration list for PBXNativeTarget "SwiftArchiTests" */;
			buildPhases = (
				8FB620C42C8B940600F7F41A /* Sources */,
				8FB620C52C8B940600F7F41A /* Frameworks */,
				8FB620C62C8B940600F7F41A /* Resources */,
			);
			buildRules = (
			);
			dependencies = (
				8FB620CD2C8B940600F7F41A /* PBXTargetDependency */,
			);
			name = SwiftArchiTests;
			productName = SwiftArchiTests;
			productReference = 8FB620C82C8B940600F7F41A /* SwiftArchiTests.xctest */;
			productType = "com.apple.product-type.bundle.unit-test";
		};
/* End PBXNativeTarget section */

/* Begin PBXProject section */
		8F095A062C8B7ECB0012151C /* Project object */ = {
			isa = PBXProject;
			attributes = {
				BuildIndependentTargetsInParallel = 1;
				LastSwiftUpdateCheck = 1510;
				LastUpgradeCheck = 1510;
				TargetAttributes = {
					8F095A0D2C8B7ECB0012151C = {
						CreatedOnToolsVersion = 15.1;
					};
					8FB620C72C8B940600F7F41A = {
						CreatedOnToolsVersion = 15.1;
						TestTargetID = 8F095A0D2C8B7ECB0012151C;
					};
				};
			};
			buildConfigurationList = 8F095A092C8B7ECB0012151C /* Build configuration list for PBXProject "SwiftArchi" */;
			compatibilityVersion = "Xcode 14.0";
			developmentRegion = en;
			hasScannedForEncodings = 0;
			knownRegions = (
				en,
				Base,
			);
			mainGroup = 8F095A052C8B7ECB0012151C;
			packageReferences = (
				8F095A232C8B85370012151C /* XCLocalSwiftPackageReference "Data" */,
				8F095A3A2C8B8AF90012151C /* XCLocalSwiftPackageReference "AppDomain" */,
				8FB620BF2C8B926600F7F41A /* XCRemoteSwiftPackageReference "Factory" */,
			);
			productRefGroup = 8F095A0F2C8B7ECB0012151C /* Products */;
			projectDirPath = "";
			projectRoot = "";
			targets = (
				8F095A0D2C8B7ECB0012151C /* SwiftArchi */,
				8FB620C72C8B940600F7F41A /* SwiftArchiTests */,
			);
		};
/* End PBXProject section */

/* Begin PBXResourcesBuildPhase section */
		8F095A0C2C8B7ECB0012151C /* Resources */ = {
			isa = PBXResourcesBuildPhase;
			buildActionMask = 2147483647;
			files = (
				8F095A192C8B7ECD0012151C /* Preview Assets.xcassets in Resources */,
				8F095A162C8B7ECD0012151C /* Assets.xcassets in Resources */,
			);
			runOnlyForDeploymentPostprocessing = 0;
		};
		8FB620C62C8B940600F7F41A /* Resources */ = {
			isa = PBXResourcesBuildPhase;
			buildActionMask = 2147483647;
			files = (
			);
			runOnlyForDeploymentPostprocessing = 0;
		};
/* End PBXResourcesBuildPhase section */

/* Begin PBXSourcesBuildPhase section */
		8F095A0A2C8B7ECB0012151C /* Sources */ = {
			isa = PBXSourcesBuildPhase;
			buildActionMask = 2147483647;
			files = (
				8FB620C32C8B929700F7F41A /* AppDependencies.swift in Sources */,
				8F095A142C8B7ECB0012151C /* ContentView.swift in Sources */,
				8F095A352C8B874E0012151C /* UserViewModel.swift in Sources */,
				8F095A122C8B7ECB0012151C /* SwiftArchiApp.swift in Sources */,
			);
			runOnlyForDeploymentPostprocessing = 0;
		};
		8FB620C42C8B940600F7F41A /* Sources */ = {
			isa = PBXSourcesBuildPhase;
			buildActionMask = 2147483647;
			files = (
				8FB620D22C8B941D00F7F41A /* MockUserRepository.swift in Sources */,
				8FB620CB2C8B940600F7F41A /* SwiftArchiTests.swift in Sources */,
				8FB620D42C8B99F800F7F41A /* MockAppDependencies.swift in Sources */,
			);
			runOnlyForDeploymentPostprocessing = 0;
		};
/* End PBXSourcesBuildPhase section */

/* Begin PBXTargetDependency section */
		8FB620CD2C8B940600F7F41A /* PBXTargetDependency */ = {
			isa = PBXTargetDependency;
			target = 8F095A0D2C8B7ECB0012151C /* SwiftArchi */;
			targetProxy = 8FB620CC2C8B940600F7F41A /* PBXContainerItemProxy */;
		};
/* End PBXTargetDependency section */

/* Begin XCBuildConfiguration section */
		8F095A1A2C8B7ECD0012151C /* Debug */ = {
			isa = XCBuildConfiguration;
			buildSettings = {
				ALWAYS_SEARCH_USER_PATHS = NO;
				ASSETCATALOG_COMPILER_GENERATE_SWIFT_ASSET_SYMBOL_EXTENSIONS = YES;
				CLANG_ANALYZER_NONNULL = YES;
				CLANG_ANALYZER_NUMBER_OBJECT_CONVERSION = YES_AGGRESSIVE;
				CLANG_CXX_LANGUAGE_STANDARD = "gnu++20";
				CLANG_ENABLE_MODULES = YES;
				CLANG_ENABLE_OBJC_ARC = YES;
				CLANG_ENABLE_OBJC_WEAK = YES;
				CLANG_WARN_BLOCK_CAPTURE_AUTORELEASING = YES;
				CLANG_WARN_BOOL_CONVERSION = YES;
				CLANG_WARN_COMMA = YES;
				CLANG_WARN_CONSTANT_CONVERSION = YES;
				CLANG_WARN_DEPRECATED_OBJC_IMPLEMENTATIONS = YES;
				CLANG_WARN_DIRECT_OBJC_ISA_USAGE = YES_ERROR;
				CLANG_WARN_DOCUMENTATION_COMMENTS = YES;
				CLANG_WARN_EMPTY_BODY = YES;
				CLANG_WARN_ENUM_CONVERSION = YES;
				CLANG_WARN_INFINITE_RECURSION = YES;
				CLANG_WARN_INT_CONVERSION = YES;
				CLANG_WARN_NON_LITERAL_NULL_CONVERSION = YES;
				CLANG_WARN_OBJC_IMPLICIT_RETAIN_SELF = YES;
				CLANG_WARN_OBJC_LITERAL_CONVERSION = YES;
				CLANG_WARN_OBJC_ROOT_CLASS = YES_ERROR;
				CLANG_WARN_QUOTED_INCLUDE_IN_FRAMEWORK_HEADER = YES;
				CLANG_WARN_RANGE_LOOP_ANALYSIS = YES;
				CLANG_WARN_STRICT_PROTOTYPES = YES;
				CLANG_WARN_SUSPICIOUS_MOVE = YES;
				CLANG_WARN_UNGUARDED_AVAILABILITY = YES_AGGRESSIVE;
				CLANG_WARN_UNREACHABLE_CODE = YES;
				CLANG_WARN__DUPLICATE_METHOD_MATCH = YES;
				COPY_PHASE_STRIP = NO;
				DEBUG_INFORMATION_FORMAT = dwarf;
				ENABLE_STRICT_OBJC_MSGSEND = YES;
				ENABLE_TESTABILITY = YES;
				ENABLE_USER_SCRIPT_SANDBOXING = YES;
				GCC_C_LANGUAGE_STANDARD = gnu17;
				GCC_DYNAMIC_NO_PIC = NO;
				GCC_NO_COMMON_BLOCKS = YES;
				GCC_OPTIMIZATION_LEVEL = 0;
				GCC_PREPROCESSOR_DEFINITIONS = (
					"DEBUG=1",
					"$(inherited)",
				);
				GCC_WARN_64_TO_32_BIT_CONVERSION = YES;
				GCC_WARN_ABOUT_RETURN_TYPE = YES_ERROR;
				GCC_WARN_UNDECLARED_SELECTOR = YES;
				GCC_WARN_UNINITIALIZED_AUTOS = YES_AGGRESSIVE;
				GCC_WARN_UNUSED_FUNCTION = YES;
				GCC_WARN_UNUSED_VARIABLE = YES;
				IPHONEOS_DEPLOYMENT_TARGET = 17.2;
				LOCALIZATION_PREFERS_STRING_CATALOGS = YES;
				MTL_ENABLE_DEBUG_INFO = INCLUDE_SOURCE;
				MTL_FAST_MATH = YES;
				ONLY_ACTIVE_ARCH = YES;
				SDKROOT = iphoneos;
				SWIFT_ACTIVE_COMPILATION_CONDITIONS = "DEBUG $(inherited)";
				SWIFT_OPTIMIZATION_LEVEL = "-Onone";
			};
			name = Debug;
		};
		8F095A1B2C8B7ECD0012151C /* Release */ = {
			isa = XCBuildConfiguration;
			buildSettings = {
				ALWAYS_SEARCH_USER_PATHS = NO;
				ASSETCATALOG_COMPILER_GENERATE_SWIFT_ASSET_SYMBOL_EXTENSIONS = YES;
				CLANG_ANALYZER_NONNULL = YES;
				CLANG_ANALYZER_NUMBER_OBJECT_CONVERSION = YES_AGGRESSIVE;
				CLANG_CXX_LANGUAGE_STANDARD = "gnu++20";
				CLANG_ENABLE_MODULES = YES;
				CLANG_ENABLE_OBJC_ARC = YES;
				CLANG_ENABLE_OBJC_WEAK = YES;
				CLANG_WARN_BLOCK_CAPTURE_AUTORELEASING = YES;
				CLANG_WARN_BOOL_CONVERSION = YES;
				CLANG_WARN_COMMA = YES;
				CLANG_WARN_CONSTANT_CONVERSION = YES;
				CLANG_WARN_DEPRECATED_OBJC_IMPLEMENTATIONS = YES;
				CLANG_WARN_DIRECT_OBJC_ISA_USAGE = YES_ERROR;
				CLANG_WARN_DOCUMENTATION_COMMENTS = YES;
				CLANG_WARN_EMPTY_BODY = YES;
				CLANG_WARN_ENUM_CONVERSION = YES;
				CLANG_WARN_INFINITE_RECURSION = YES;
				CLANG_WARN_INT_CONVERSION = YES;
				CLANG_WARN_NON_LITERAL_NULL_CONVERSION = YES;
				CLANG_WARN_OBJC_IMPLICIT_RETAIN_SELF = YES;
				CLANG_WARN_OBJC_LITERAL_CONVERSION = YES;
				CLANG_WARN_OBJC_ROOT_CLASS = YES_ERROR;
				CLANG_WARN_QUOTED_INCLUDE_IN_FRAMEWORK_HEADER = YES;
				CLANG_WARN_RANGE_LOOP_ANALYSIS = YES;
				CLANG_WARN_STRICT_PROTOTYPES = YES;
				CLANG_WARN_SUSPICIOUS_MOVE = YES;
				CLANG_WARN_UNGUARDED_AVAILABILITY = YES_AGGRESSIVE;
				CLANG_WARN_UNREACHABLE_CODE = YES;
				CLANG_WARN__DUPLICATE_METHOD_MATCH = YES;
				COPY_PHASE_STRIP = NO;
				DEBUG_INFORMATION_FORMAT = "dwarf-with-dsym";
				ENABLE_NS_ASSERTIONS = NO;
				ENABLE_STRICT_OBJC_MSGSEND = YES;
				ENABLE_USER_SCRIPT_SANDBOXING = YES;
				GCC_C_LANGUAGE_STANDARD = gnu17;
				GCC_NO_COMMON_BLOCKS = YES;
				GCC_WARN_64_TO_32_BIT_CONVERSION = YES;
				GCC_WARN_ABOUT_RETURN_TYPE = YES_ERROR;
				GCC_WARN_UNDECLARED_SELECTOR = YES;
				GCC_WARN_UNINITIALIZED_AUTOS = YES_AGGRESSIVE;
				GCC_WARN_UNUSED_FUNCTION = YES;
				GCC_WARN_UNUSED_VARIABLE = YES;
				IPHONEOS_DEPLOYMENT_TARGET = 17.2;
				LOCALIZATION_PREFERS_STRING_CATALOGS = YES;
				MTL_ENABLE_DEBUG_INFO = NO;
				MTL_FAST_MATH = YES;
				SDKROOT = iphoneos;
				SWIFT_COMPILATION_MODE = wholemodule;
				VALIDATE_PRODUCT = YES;
			};
			name = Release;
		};
		8F095A1D2C8B7ECD0012151C /* Debug */ = {
			isa = XCBuildConfiguration;
			buildSettings = {
				ASSETCATALOG_COMPILER_APPICON_NAME = AppIcon;
				ASSETCATALOG_COMPILER_GLOBAL_ACCENT_COLOR_NAME = AccentColor;
				CODE_SIGN_STYLE = Automatic;
				CURRENT_PROJECT_VERSION = 1;
				DEVELOPMENT_ASSET_PATHS = "\"SwiftArchi/Preview Content\"";
				DEVELOPMENT_TEAM = 9G733N2K2F;
				ENABLE_PREVIEWS = YES;
				GENERATE_INFOPLIST_FILE = YES;
				INFOPLIST_KEY_UIApplicationSceneManifest_Generation = YES;
				INFOPLIST_KEY_UIApplicationSupportsIndirectInputEvents = YES;
				INFOPLIST_KEY_UILaunchScreen_Generation = YES;
				INFOPLIST_KEY_UISupportedInterfaceOrientations_iPad = "UIInterfaceOrientationPortrait UIInterfaceOrientationPortraitUpsideDown UIInterfaceOrientationLandscapeLeft UIInterfaceOrientationLandscapeRight";
				INFOPLIST_KEY_UISupportedInterfaceOrientations_iPhone = "UIInterfaceOrientationPortrait UIInterfaceOrientationLandscapeLeft UIInterfaceOrientationLandscapeRight";
				LD_RUNPATH_SEARCH_PATHS = (
					"$(inherited)",
					"@executable_path/Frameworks",
				);
				MARKETING_VERSION = 1.0;
				PRODUCT_BUNDLE_IDENTIFIER = com.theikchan.SwiftArchi;
				PRODUCT_NAME = "$(TARGET_NAME)";
				SWIFT_EMIT_LOC_STRINGS = YES;
				SWIFT_VERSION = 5.0;
				TARGETED_DEVICE_FAMILY = "1,2";
			};
			name = Debug;
		};
		8F095A1E2C8B7ECD0012151C /* Release */ = {
			isa = XCBuildConfiguration;
			buildSettings = {
				ASSETCATALOG_COMPILER_APPICON_NAME = AppIcon;
				ASSETCATALOG_COMPILER_GLOBAL_ACCENT_COLOR_NAME = AccentColor;
				CODE_SIGN_STYLE = Automatic;
				CURRENT_PROJECT_VERSION = 1;
				DEVELOPMENT_ASSET_PATHS = "\"SwiftArchi/Preview Content\"";
				DEVELOPMENT_TEAM = 9G733N2K2F;
				ENABLE_PREVIEWS = YES;
				GENERATE_INFOPLIST_FILE = YES;
				INFOPLIST_KEY_UIApplicationSceneManifest_Generation = YES;
				INFOPLIST_KEY_UIApplicationSupportsIndirectInputEvents = YES;
				INFOPLIST_KEY_UILaunchScreen_Generation = YES;
				INFOPLIST_KEY_UISupportedInterfaceOrientations_iPad = "UIInterfaceOrientationPortrait UIInterfaceOrientationPortraitUpsideDown UIInterfaceOrientationLandscapeLeft UIInterfaceOrientationLandscapeRight";
				INFOPLIST_KEY_UISupportedInterfaceOrientations_iPhone = "UIInterfaceOrientationPortrait UIInterfaceOrientationLandscapeLeft UIInterfaceOrientationLandscapeRight";
				LD_RUNPATH_SEARCH_PATHS = (
					"$(inherited)",
					"@executable_path/Frameworks",
				);
				MARKETING_VERSION = 1.0;
				PRODUCT_BUNDLE_IDENTIFIER = com.theikchan.SwiftArchi;
				PRODUCT_NAME = "$(TARGET_NAME)";
				SWIFT_EMIT_LOC_STRINGS = YES;
				SWIFT_VERSION = 5.0;
				TARGETED_DEVICE_FAMILY = "1,2";
			};
			name = Release;
		};
		8FB620CF2C8B940600F7F41A /* Debug */ = {
			isa = XCBuildConfiguration;
			buildSettings = {
				BUNDLE_LOADER = "$(TEST_HOST)";
				CODE_SIGN_STYLE = Automatic;
				CURRENT_PROJECT_VERSION = 1;
				DEVELOPMENT_TEAM = 9G733N2K2F;
				GENERATE_INFOPLIST_FILE = YES;
				MARKETING_VERSION = 1.0;
				PRODUCT_BUNDLE_IDENTIFIER = com.theikchan.SwiftArchiTests;
				PRODUCT_NAME = "$(TARGET_NAME)";
				SWIFT_EMIT_LOC_STRINGS = NO;
				SWIFT_VERSION = 5.0;
				TARGETED_DEVICE_FAMILY = "1,2";
				TEST_HOST = "$(BUILT_PRODUCTS_DIR)/SwiftArchi.app/$(BUNDLE_EXECUTABLE_FOLDER_PATH)/SwiftArchi";
			};
			name = Debug;
		};
		8FB620D02C8B940600F7F41A /* Release */ = {
			isa = XCBuildConfiguration;
			buildSettings = {
				BUNDLE_LOADER = "$(TEST_HOST)";
				CODE_SIGN_STYLE = Automatic;
				CURRENT_PROJECT_VERSION = 1;
				DEVELOPMENT_TEAM = 9G733N2K2F;
				GENERATE_INFOPLIST_FILE = YES;
				MARKETING_VERSION = 1.0;
				PRODUCT_BUNDLE_IDENTIFIER = com.theikchan.SwiftArchiTests;
				PRODUCT_NAME = "$(TARGET_NAME)";
				SWIFT_EMIT_LOC_STRINGS = NO;
				SWIFT_VERSION = 5.0;
				TARGETED_DEVICE_FAMILY = "1,2";
				TEST_HOST = "$(BUILT_PRODUCTS_DIR)/SwiftArchi.app/$(BUNDLE_EXECUTABLE_FOLDER_PATH)/SwiftArchi";
			};
			name = Release;
		};
/* End XCBuildConfiguration section */

/* Begin XCConfigurationList section */
		8F095A092C8B7ECB0012151C /* Build configuration list for PBXProject "SwiftArchi" */ = {
			isa = XCConfigurationList;
			buildConfigurations = (
				8F095A1A2C8B7ECD0012151C /* Debug */,
				8F095A1B2C8B7ECD0012151C /* Release */,
			);
			defaultConfigurationIsVisible = 0;
			defaultConfigurationName = Release;
		};
		8F095A1C2C8B7ECD0012151C /* Build configuration list for PBXNativeTarget "SwiftArchi" */ = {
			isa = XCConfigurationList;
			buildConfigurations = (
				8F095A1D2C8B7ECD0012151C /* Debug */,
				8F095A1E2C8B7ECD0012151C /* Release */,
			);
			defaultConfigurationIsVisible = 0;
			defaultConfigurationName = Release;
		};
		8FB620CE2C8B940600F7F41A /* Build configuration list for PBXNativeTarget "SwiftArchiTests" */ = {
			isa = XCConfigurationList;
			buildConfigurations = (
				8FB620CF2C8B940600F7F41A /* Debug */,
				8FB620D02C8B940600F7F41A /* Release */,
			);
			defaultConfigurationIsVisible = 0;
			defaultConfigurationName = Release;
		};
/* End XCConfigurationList section */

/* Begin XCLocalSwiftPackageReference section */
		8F095A232C8B85370012151C /* XCLocalSwiftPackageReference "Data" */ = {
			isa = XCLocalSwiftPackageReference;
			relativePath = Data;
		};
		8F095A3A2C8B8AF90012151C /* XCLocalSwiftPackageReference "AppDomain" */ = {
			isa = XCLocalSwiftPackageReference;
			relativePath = AppDomain;
		};
/* End XCLocalSwiftPackageReference section */

/* Begin XCRemoteSwiftPackageReference section */
		8FB620BF2C8B926600F7F41A /* XCRemoteSwiftPackageReference "Factory" */ = {
			isa = XCRemoteSwiftPackageReference;
			repositoryURL = "https://github.com/hmlongco/Factory.git";
			requirement = {
				kind = upToNextMajorVersion;
				minimumVersion = 2.3.2;
			};
		};
/* End XCRemoteSwiftPackageReference section */

/* Begin XCSwiftPackageProductDependency section */
		8F095A242C8B85370012151C /* Data */ = {
			isa = XCSwiftPackageProductDependency;
			productName = Data;
		};
		8F095A292C8B85720012151C /* Data */ = {
			isa = XCSwiftPackageProductDependency;
			productName = Data;
		};
		8F095A3B2C8B8AF90012151C /* AppDomain */ = {
			isa = XCSwiftPackageProductDependency;
			productName = AppDomain;
		};
		8FB620C02C8B926600F7F41A /* Factory */ = {
			isa = XCSwiftPackageProductDependency;
			package = 8FB620BF2C8B926600F7F41A /* XCRemoteSwiftPackageReference "Factory" */;
			productName = Factory;
		};
/* End XCSwiftPackageProductDependency section */
	};
	rootObject = 8F095A062C8B7ECB0012151C /* Project object */;
}
